
Microsoft Visual Studio Solution File, Format Version 12.00
# Visual Studio Version 17
VisualStudioVersion = 17.8.34511.84
MinimumVisualStudioVersion = 10.0.40219.1
Project("{FAE04EC0-301F-11D3-BF4B-00C04F79EFBC}") = "MapWithLocationFinder", "MapWithLocationFinder\MapWithLocationFinder.csproj", "{B2664BB7-4E00-4F23-8557-B401E628D6A3}"
EndProject
Global
	GlobalSection(SolutionConfigurationPlatforms) = preSolution
		Debug|Any CPU = Debug|Any CPU
		Release|Any CPU = Release|Any CPU
	EndGlobalSection
	GlobalSection(ProjectConfigurationPlatforms) = postSolution
		{B2664BB7-4E00-4F23-8557-B401E628D6A3}.Debug|Any CPU.ActiveCfg = Debug|Any CPU
		{B2664BB7-4E00-4F23-8557-B401E628D6A3}.Debug|Any CPU.Build.0 = Debug|Any CPU
		{B2664BB7-4E00-4F23-8557-B401E628D6A3}.Release|Any CPU.ActiveCfg = Release|Any CPU
		{B2664BB7-4E00-4F23-8557-B401E628D6A3}.Release|Any CPU.Build.0 = Release|Any CPU
	EndGlobalSection
	GlobalSection(SolutionProperties) = preSolution
		HideSolutionNode = FALSE
	EndGlobalSection
	GlobalSection(ExtensibilityGlobals) = postSolution
		SolutionGuid = {59E696EC-3D39-4819-85DA-2FA9B21FCC5B}
	EndGlobalSection
EndGlobal
